
Microsoft Visual Studio Solution File, Format Version 12.00
# Visual Studio Version 16
VisualStudioVersion = 16.0.30114.105
MinimumVisualStudioVersion = 10.0.40219.1
Project("{FAE04EC0-301F-11D3-BF4B-00C04F79EFBC}") = "WindowsFormApplication", "WindowsFormApplication\WindowsFormApplication.csproj", "{789D8297-EA88-4A37-BE1B-B063620972BD}"
EndProject
Global
	GlobalSection(SolutionConfigurationPlatforms) = preSolution
		Debug|Any CPU = Debug|Any CPU
		Release|Any CPU = Release|Any CPU
	EndGlobalSection
	GlobalSection(ProjectConfigurationPlatforms) = postSolution
		{789D8297-EA88-4A37-BE1B-B063620972BD}.Debug|Any CPU.ActiveCfg = Debug|Any CPU
		{789D8297-EA88-4A37-BE1B-B063620972BD}.Debug|Any CPU.Build.0 = Debug|Any CPU
		{789D8297-EA88-4A37-BE1B-B063620972BD}.Release|Any CPU.ActiveCfg = Release|Any CPU
		{789D8297-EA88-4A37-BE1B-B063620972BD}.Release|Any CPU.Build.0 = Release|Any CPU
	EndGlobalSection
	GlobalSection(SolutionProperties) = preSolution
		HideSolutionNode = FALSE
	EndGlobalSection
	GlobalSection(ExtensibilityGlobals) = postSolution
		SolutionGuid = {FF8F4E33-91E6-4670-AF82-240DB3920F85}
	EndGlobalSection
EndGlobal
