
Microsoft Visual Studio Solution File, Format Version 12.00
# Visual Studio Version 16
VisualStudioVersion = 16.0.29806.167
MinimumVisualStudioVersion = 10.0.40219.1
Project("{9A19103F-16F7-4668-BE54-9A1E7A4F7556}") = "project B", "project B.csproj", "{113BCFDA-9F7C-4C94-8759-B0D1B89877F8}"
EndProject
Global
	GlobalSection(SolutionConfigurationPlatforms) = preSolution
		Debug|Any CPU = Debug|Any CPU
		Release|Any CPU = Release|Any CPU
	EndGlobalSection
	GlobalSection(ProjectConfigurationPlatforms) = postSolution
		{113BCFDA-9F7C-4C94-8759-B0D1B89877F8}.Debug|Any CPU.ActiveCfg = Debug|Any CPU
		{113BCFDA-9F7C-4C94-8759-B0D1B89877F8}.Debug|Any CPU.Build.0 = Debug|Any CPU
		{113BCFDA-9F7C-4C94-8759-B0D1B89877F8}.Release|Any CPU.ActiveCfg = Release|Any CPU
		{113BCFDA-9F7C-4C94-8759-B0D1B89877F8}.Release|Any CPU.Build.0 = Release|Any CPU
	EndGlobalSection
	GlobalSection(SolutionProperties) = preSolution
		HideSolutionNode = FALSE
	EndGlobalSection
	GlobalSection(ExtensibilityGlobals) = postSolution
		SolutionGuid = {7EDBD483-C7FD-4E55-8B27-73C0C8A39953}
	EndGlobalSection
EndGlobal
